
Microsoft Visual Studio Solution File, Format Version 12.00
# Visual Studio Version 16
VisualStudioVersion = 16.0.31410.357
MinimumVisualStudioVersion = 10.0.40219.1
Project("{8BC9CEB8-8B4A-11D0-8D11-00A0C91BC942}") = "VissimConnectorDLL", "VissimConnectorDLL\VissimConnectorDLL.vcxproj", "{EC999430-4D41-4090-8D7D-B5CD34899D68}"
EndProject
Project("{8BC9CEB8-8B4A-11D0-8D11-00A0C91BC942}") = "Test", "Test\Test.vcxproj", "{4D917ABC-A380-4BBC-A24F-3CD86D7ECA3B}"
EndProject
Global
	GlobalSection(SolutionConfigurationPlatforms) = preSolution
		Debug|x64 = Debug|x64
		Debug|x86 = Debug|x86
		Release|x64 = Release|x64
		Release|x86 = Release|x86
	EndGlobalSection
	GlobalSection(ProjectConfigurationPlatforms) = postSolution
		{EC999430-4D41-4090-8D7D-B5CD34899D68}.Debug|x64.ActiveCfg = Debug|x64
		{EC999430-4D41-4090-8D7D-B5CD34899D68}.Debug|x64.Build.0 = Debug|x64
		{EC999430-4D41-4090-8D7D-B5CD34899D68}.Debug|x86.ActiveCfg = Debug|Win32
		{EC999430-4D41-4090-8D7D-B5CD34899D68}.Debug|x86.Build.0 = Debug|Win32
		{EC999430-4D41-4090-8D7D-B5CD34899D68}.Release|x64.ActiveCfg = Release|x64
		{EC999430-4D41-4090-8D7D-B5CD34899D68}.Release|x64.Build.0 = Release|x64
		{EC999430-4D41-4090-8D7D-B5CD34899D68}.Release|x86.ActiveCfg = Release|Win32
		{EC999430-4D41-4090-8D7D-B5CD34899D68}.Release|x86.Build.0 = Release|Win32
		{4D917ABC-A380-4BBC-A24F-3CD86D7ECA3B}.Debug|x64.ActiveCfg = Debug|x64
		{4D917ABC-A380-4BBC-A24F-3CD86D7ECA3B}.Debug|x64.Build.0 = Debug|x64
		{4D917ABC-A380-4BBC-A24F-3CD86D7ECA3B}.Debug|x86.ActiveCfg = Debug|Win32
		{4D917ABC-A380-4BBC-A24F-3CD86D7ECA3B}.Debug|x86.Build.0 = Debug|Win32
		{4D917ABC-A380-4BBC-A24F-3CD86D7ECA3B}.Release|x64.ActiveCfg = Release|x64
		{4D917ABC-A380-4BBC-A24F-3CD86D7ECA3B}.Release|x64.Build.0 = Release|x64
		{4D917ABC-A380-4BBC-A24F-3CD86D7ECA3B}.Release|x86.ActiveCfg = Release|Win32
		{4D917ABC-A380-4BBC-A24F-3CD86D7ECA3B}.Release|x86.Build.0 = Release|Win32
	EndGlobalSection
	GlobalSection(SolutionProperties) = preSolution
		HideSolutionNode = FALSE
	EndGlobalSection
	GlobalSection(ExtensibilityGlobals) = postSolution
		SolutionGuid = {8B5B3391-8728-439D-AEA9-B36675BBAB15}
	EndGlobalSection
EndGlobal
